
Microsoft Visual Studio Solution File, Format Version 12.00
# Visual Studio Version 16
VisualStudioVersion = 16.0.31729.503
MinimumVisualStudioVersion = 10.0.40219.1
Project("{9A19103F-16F7-4668-BE54-9A1E7A4F7556}") = "Admin.Service", "Admin.Service\Admin.Service.csproj", "{FCFE3022-231F-477F-8964-9F4E3F84167D}"
EndProject
Project("{9A19103F-16F7-4668-BE54-9A1E7A4F7556}") = "Customer.Service", "Customer.Service\Customer.Service.csproj", "{4282CB46-CAEC-4914-8D30-EE79B6E41C4C}"
EndProject
Project("{9A19103F-16F7-4668-BE54-9A1E7A4F7556}") = "APIGateway", "APIGateway\APIGateway.csproj", "{5EDBAA76-7ECF-4D80-865C-5324DA6A746B}"
EndProject
Project("{FAE04EC0-301F-11D3-BF4B-00C04F79EFBC}") = "Ticketing.Service", "Ticketing.Service\Ticketing.Service.csproj", "{B4982E7A-331A-4904-819A-681B62A58FA2}"
EndProject
Project("{FAE04EC0-301F-11D3-BF4B-00C04F79EFBC}") = "Shared.Model", "Shared.Model\Shared.Model.csproj", "{BC66C122-9C54-48CB-AC1E-554AF47F235B}"
EndProject
Global
	GlobalSection(SolutionConfigurationPlatforms) = preSolution
		Debug|Any CPU = Debug|Any CPU
		Release|Any CPU = Release|Any CPU
	EndGlobalSection
	GlobalSection(ProjectConfigurationPlatforms) = postSolution
		{FCFE3022-231F-477F-8964-9F4E3F84167D}.Debug|Any CPU.ActiveCfg = Debug|Any CPU
		{FCFE3022-231F-477F-8964-9F4E3F84167D}.Debug|Any CPU.Build.0 = Debug|Any CPU
		{FCFE3022-231F-477F-8964-9F4E3F84167D}.Release|Any CPU.ActiveCfg = Release|Any CPU
		{FCFE3022-231F-477F-8964-9F4E3F84167D}.Release|Any CPU.Build.0 = Release|Any CPU
		{4282CB46-CAEC-4914-8D30-EE79B6E41C4C}.Debug|Any CPU.ActiveCfg = Debug|Any CPU
		{4282CB46-CAEC-4914-8D30-EE79B6E41C4C}.Debug|Any CPU.Build.0 = Debug|Any CPU
		{4282CB46-CAEC-4914-8D30-EE79B6E41C4C}.Release|Any CPU.ActiveCfg = Release|Any CPU
		{4282CB46-CAEC-4914-8D30-EE79B6E41C4C}.Release|Any CPU.Build.0 = Release|Any CPU
		{5EDBAA76-7ECF-4D80-865C-5324DA6A746B}.Debug|Any CPU.ActiveCfg = Debug|Any CPU
		{5EDBAA76-7ECF-4D80-865C-5324DA6A746B}.Debug|Any CPU.Build.0 = Debug|Any CPU
		{5EDBAA76-7ECF-4D80-865C-5324DA6A746B}.Release|Any CPU.ActiveCfg = Release|Any CPU
		{5EDBAA76-7ECF-4D80-865C-5324DA6A746B}.Release|Any CPU.Build.0 = Release|Any CPU
		{B4982E7A-331A-4904-819A-681B62A58FA2}.Debug|Any CPU.ActiveCfg = Debug|Any CPU
		{B4982E7A-331A-4904-819A-681B62A58FA2}.Debug|Any CPU.Build.0 = Debug|Any CPU
		{B4982E7A-331A-4904-819A-681B62A58FA2}.Release|Any CPU.ActiveCfg = Release|Any CPU
		{B4982E7A-331A-4904-819A-681B62A58FA2}.Release|Any CPU.Build.0 = Release|Any CPU
		{BC66C122-9C54-48CB-AC1E-554AF47F235B}.Debug|Any CPU.ActiveCfg = Debug|Any CPU
		{BC66C122-9C54-48CB-AC1E-554AF47F235B}.Debug|Any CPU.Build.0 = Debug|Any CPU
		{BC66C122-9C54-48CB-AC1E-554AF47F235B}.Release|Any CPU.ActiveCfg = Release|Any CPU
		{BC66C122-9C54-48CB-AC1E-554AF47F235B}.Release|Any CPU.Build.0 = Release|Any CPU
	EndGlobalSection
	GlobalSection(SolutionProperties) = preSolution
		HideSolutionNode = FALSE
	EndGlobalSection
	GlobalSection(ExtensibilityGlobals) = postSolution
		SolutionGuid = {E66161C7-C778-4B0E-AC24-13D5F7304D98}
	EndGlobalSection
EndGlobal
